{
  "pins" : [
    {
      "identity" : "grdb.swift",
      "kind" : "remoteSourceControl",
      "location" : "https://github.com/groue/GRDB.swift",
      "state" : {
        "revision" : "5ee47c3c2765bdfde0f44c2ea9a263f6aa252d63",
        "version" : "4.14.0"
      }
    },
    {
      "identity" : "ios-eye-tracking",
      "kind" : "remoteSourceControl",
      "location" : "https://github.com/kyle-fox/ios-eye-tracking",
      "state" : {
        "revision" : "cba4fff6db11acb248e45ec2498e8285303e236c",
        "version" : "1.0.0"
      }
    }
  ],
  "version" : 2
}
