// !$*UTF8*$!
{
	archiveVersion = 1;
	classes = {
	};
	objectVersion = 56;
	objects = {

/* Begin PBXBuildFile section */
		980DF6D02AA9834B00C6860F /* AnalyzeGaze.cpp in Sources */ = {isa = PBXBuildFile; fileRef = 980DF6CE2AA9834B00C6860F /* AnalyzeGaze.cpp */; };
		98BEE6C22AA278350043B7C6 /* NystagmusTestApp.swift in Sources */ = {isa = PBXBuildFile; fileRef = 98BEE6C12AA278350043B7C6 /* NystagmusTestApp.swift */; };
		98BEE6C42AA278350043B7C6 /* ContentView.swift in Sources */ = {isa = PBXBuildFile; fileRef = 98BEE6C32AA278350043B7C6 /* ContentView.swift */; };
		98BEE6C62AA278360043B7C6 /* Assets.xcassets in Resources */ = {isa = PBXBuildFile; fileRef = 98BEE6C52AA278360043B7C6 /* Assets.xcassets */; };
		98BEE6C92AA278360043B7C6 /* Preview Assets.xcassets in Resources */ = {isa = PBXBuildFile; fileRef = 98BEE6C82AA278360043B7C6 /* Preview Assets.xcassets */; };
		98BEE6D32AA278370043B7C6 /* NystagmusTestTests.swift in Sources */ = {isa = PBXBuildFile; fileRef = 98BEE6D22AA278370043B7C6 /* NystagmusTestTests.swift */; };
		98BEE6DD2AA278370043B7C6 /* NystagmusTestUITests.swift in Sources */ = {isa = PBXBuildFile; fileRef = 98BEE6DC2AA278370043B7C6 /* NystagmusTestUITests.swift */; };
		98BEE6DF2AA278370043B7C6 /* NystagmusTestUITestsLaunchTests.swift in Sources */ = {isa = PBXBuildFile; fileRef = 98BEE6DE2AA278370043B7C6 /* NystagmusTestUITestsLaunchTests.swift */; };
		98BEE6ED2AA284720043B7C6 /* EyeTracking in Frameworks */ = {isa = PBXBuildFile; productRef = 98BEE6EC2AA284720043B7C6 /* EyeTracking */; };
/* End PBXBuildFile section */

/* Begin PBXContainerItemProxy section */
		98BEE6CF2AA278370043B7C6 /* PBXContainerItemProxy */ = {
			isa = PBXContainerItemProxy;
			containerPortal = 98BEE6B62AA278350043B7C6 /* Project object */;
			proxyType = 1;
			remoteGlobalIDString = 98BEE6BD2AA278350043B7C6;
			remoteInfo = NystagmusTest;
		};
		98BEE6D92AA278370043B7C6 /* PBXContainerItemProxy */ = {
			isa = PBXContainerItemProxy;
			containerPortal = 98BEE6B62AA278350043B7C6 /* Project object */;
			proxyType = 1;
			remoteGlobalIDString = 98BEE6BD2AA278350043B7C6;
			remoteInfo = NystagmusTest;
		};
/* End PBXContainerItemProxy section */

/* Begin PBXFileReference section */
		980DF6CD2AA9834A00C6860F /* NystagmusTest-Bridging-Header.h */ = {isa = PBXFileReference; lastKnownFileType = sourcecode.c.h; path = "NystagmusTest-Bridging-Header.h"; sourceTree = "<group>"; };
		980DF6CE2AA9834B00C6860F /* AnalyzeGaze.cpp */ = {isa = PBXFileReference; lastKnownFileType = sourcecode.cpp.cpp; path = AnalyzeGaze.cpp; sourceTree = "<group>"; };
		980DF6CF2AA9834B00C6860F /* AnalyzeGaze.hpp */ = {isa = PBXFileReference; lastKnownFileType = sourcecode.cpp.h; path = AnalyzeGaze.hpp; sourceTree = "<group>"; };
		980DF6D12AA984B000C6860F /* GazeData.geojson */ = {isa = PBXFileReference; lastKnownFileType = text; path = GazeData.geojson; sourceTree = "<group>"; };
		98BEE6BE2AA278350043B7C6 /* NystagmusTest.app */ = {isa = PBXFileReference; explicitFileType = wrapper.application; includeInIndex = 0; path = NystagmusTest.app; sourceTree = BUILT_PRODUCTS_DIR; };
		98BEE6C12AA278350043B7C6 /* NystagmusTestApp.swift */ = {isa = PBXFileReference; lastKnownFileType = sourcecode.swift; path = NystagmusTestApp.swift; sourceTree = "<group>"; };
		98BEE6C32AA278350043B7C6 /* ContentView.swift */ = {isa = PBXFileReference; lastKnownFileType = sourcecode.swift; path = ContentView.swift; sourceTree = "<group>"; };
		98BEE6C52AA278360043B7C6 /* Assets.xcassets */ = {isa = PBXFileReference; lastKnownFileType = folder.assetcatalog; path = Assets.xcassets; sourceTree = "<group>"; };
		98BEE6C82AA278360043B7C6 /* Preview Assets.xcassets */ = {isa = PBXFileReference; lastKnownFileType = folder.assetcatalog; path = "Preview Assets.xcassets"; sourceTree = "<group>"; };
		98BEE6CE2AA278370043B7C6 /* NystagmusTestTests.xctest */ = {isa = PBXFileReference; explicitFileType = wrapper.cfbundle; includeInIndex = 0; path = NystagmusTestTests.xctest; sourceTree = BUILT_PRODUCTS_DIR; };
		98BEE6D22AA278370043B7C6 /* NystagmusTestTests.swift */ = {isa = PBXFileReference; lastKnownFileType = sourcecode.swift; path = NystagmusTestTests.swift; sourceTree = "<group>"; };
		98BEE6D82AA278370043B7C6 /* NystagmusTestUITests.xctest */ = {isa = PBXFileReference; explicitFileType = wrapper.cfbundle; includeInIndex = 0; path = NystagmusTestUITests.xctest; sourceTree = BUILT_PRODUCTS_DIR; };
		98BEE6DC2AA278370043B7C6 /* NystagmusTestUITests.swift */ = {isa = PBXFileReference; lastKnownFileType = sourcecode.swift; path = NystagmusTestUITests.swift; sourceTree = "<group>"; };
		98BEE6DE2AA278370043B7C6 /* NystagmusTestUITestsLaunchTests.swift */ = {isa = PBXFileReference; lastKnownFileType = sourcecode.swift; path = NystagmusTestUITestsLaunchTests.swift; sourceTree = "<group>"; };
/* End PBXFileReference section */

/* Begin PBXFrameworksBuildPhase section */
		98BEE6BB2AA278350043B7C6 /* Frameworks */ = {
			isa = PBXFrameworksBuildPhase;
			buildActionMask = 2147483647;
			files = (
				98BEE6ED2AA284720043B7C6 /* EyeTracking in Frameworks */,
			);
			runOnlyForDeploymentPostprocessing = 0;
		};
		98BEE6CB2AA278370043B7C6 /* Frameworks */ = {
			isa = PBXFrameworksBuildPhase;
			buildActionMask = 2147483647;
			files = (
			);
			runOnlyForDeploymentPostprocessing = 0;
		};
		98BEE6D52AA278370043B7C6 /* Frameworks */ = {
			isa = PBXFrameworksBuildPhase;
			buildActionMask = 2147483647;
			files = (
			);
			runOnlyForDeploymentPostprocessing = 0;
		};
/* End PBXFrameworksBuildPhase section */

/* Begin PBXGroup section */
		98BEE6B52AA278350043B7C6 = {
			isa = PBXGroup;
			children = (
				98BEE6C02AA278350043B7C6 /* NystagmusTest */,
				98BEE6D12AA278370043B7C6 /* NystagmusTestTests */,
				98BEE6DB2AA278370043B7C6 /* NystagmusTestUITests */,
				98BEE6BF2AA278350043B7C6 /* Products */,
			);
			sourceTree = "<group>";
		};
		98BEE6BF2AA278350043B7C6 /* Products */ = {
			isa = PBXGroup;
			children = (
				98BEE6BE2AA278350043B7C6 /* NystagmusTest.app */,
				98BEE6CE2AA278370043B7C6 /* NystagmusTestTests.xctest */,
				98BEE6D82AA278370043B7C6 /* NystagmusTestUITests.xctest */,
			);
			name = Products;
			sourceTree = "<group>";
		};
		98BEE6C02AA278350043B7C6 /* NystagmusTest */ = {
			isa = PBXGroup;
			children = (
				98BEE6C12AA278350043B7C6 /* NystagmusTestApp.swift */,
				98BEE6C32AA278350043B7C6 /* ContentView.swift */,
				98BEE6C52AA278360043B7C6 /* Assets.xcassets */,
				98BEE6C72AA278360043B7C6 /* Preview Content */,
				980DF6CE2AA9834B00C6860F /* AnalyzeGaze.cpp */,
				980DF6D12AA984B000C6860F /* GazeData.geojson */,
				980DF6CF2AA9834B00C6860F /* AnalyzeGaze.hpp */,
				980DF6CD2AA9834A00C6860F /* NystagmusTest-Bridging-Header.h */,
			);
			path = NystagmusTest;
			sourceTree = "<group>";
		};
		98BEE6C72AA278360043B7C6 /* Preview Content */ = {
			isa = PBXGroup;
			children = (
				98BEE6C82AA278360043B7C6 /* Preview Assets.xcassets */,
			);
			path = "Preview Content";
			sourceTree = "<group>";
		};
		98BEE6D12AA278370043B7C6 /* NystagmusTestTests */ = {
			isa = PBXGroup;
			children = (
				98BEE6D22AA278370043B7C6 /* NystagmusTestTests.swift */,
			);
			path = NystagmusTestTests;
			sourceTree = "<group>";
		};
		98BEE6DB2AA278370043B7C6 /* NystagmusTestUITests */ = {
			isa = PBXGroup;
			children = (
				98BEE6DC2AA278370043B7C6 /* NystagmusTestUITests.swift */,
				98BEE6DE2AA278370043B7C6 /* NystagmusTestUITestsLaunchTests.swift */,
			);
			path = NystagmusTestUITests;
			sourceTree = "<group>";
		};
/* End PBXGroup section */

/* Begin PBXNativeTarget section */
		98BEE6BD2AA278350043B7C6 /* NystagmusTest */ = {
			isa = PBXNativeTarget;
			buildConfigurationList = 98BEE6E22AA278370043B7C6 /* Build configuration list for PBXNativeTarget "NystagmusTest" */;
			buildPhases = (
				98BEE6BA2AA278350043B7C6 /* Sources */,
				98BEE6BB2AA278350043B7C6 /* Frameworks */,
				98BEE6BC2AA278350043B7C6 /* Resources */,
			);
			buildRules = (
			);
			dependencies = (
			);
			name = NystagmusTest;
			packageProductDependencies = (
				98BEE6EC2AA284720043B7C6 /* EyeTracking */,
			);
			productName = NystagmusTest;
			productReference = 98BEE6BE2AA278350043B7C6 /* NystagmusTest.app */;
			productType = "com.apple.product-type.application";
		};
		98BEE6CD2AA278370043B7C6 /* NystagmusTestTests */ = {
			isa = PBXNativeTarget;
			buildConfigurationList = 98BEE6E52AA278370043B7C6 /* Build configuration list for PBXNativeTarget "NystagmusTestTests" */;
			buildPhases = (
				98BEE6CA2AA278370043B7C6 /* Sources */,
				98BEE6CB2AA278370043B7C6 /* Frameworks */,
				98BEE6CC2AA278370043B7C6 /* Resources */,
			);
			buildRules = (
			);
			dependencies = (
				98BEE6D02AA278370043B7C6 /* PBXTargetDependency */,
			);
			name = NystagmusTestTests;
			productName = NystagmusTestTests;
			productReference = 98BEE6CE2AA278370043B7C6 /* NystagmusTestTests.xctest */;
			productType = "com.apple.product-type.bundle.unit-test";
		};
		98BEE6D72AA278370043B7C6 /* NystagmusTestUITests */ = {
			isa = PBXNativeTarget;
			buildConfigurationList = 98BEE6E82AA278370043B7C6 /* Build configuration list for PBXNativeTarget "NystagmusTestUITests" */;
			buildPhases = (
				98BEE6D42AA278370043B7C6 /* Sources */,
				98BEE6D52AA278370043B7C6 /* Frameworks */,
				98BEE6D62AA278370043B7C6 /* Resources */,
			);
			buildRules = (
			);
			dependencies = (
				98BEE6DA2AA278370043B7C6 /* PBXTargetDependency */,
			);
			name = NystagmusTestUITests;
			productName = NystagmusTestUITests;
			productReference = 98BEE6D82AA278370043B7C6 /* NystagmusTestUITests.xctest */;
			productType = "com.apple.product-type.bundle.ui-testing";
		};
/* End PBXNativeTarget section */

/* Begin PBXProject section */
		98BEE6B62AA278350043B7C6 /* Project object */ = {
			isa = PBXProject;
			attributes = {
				BuildIndependentTargetsInParallel = 1;
				LastSwiftUpdateCheck = 1430;
				LastUpgradeCheck = 1430;
				TargetAttributes = {
					98BEE6BD2AA278350043B7C6 = {
						CreatedOnToolsVersion = 14.3.1;
						LastSwiftMigration = 1430;
					};
					98BEE6CD2AA278370043B7C6 = {
						CreatedOnToolsVersion = 14.3.1;
						TestTargetID = 98BEE6BD2AA278350043B7C6;
					};
					98BEE6D72AA278370043B7C6 = {
						CreatedOnToolsVersion = 14.3.1;
						TestTargetID = 98BEE6BD2AA278350043B7C6;
					};
				};
			};
			buildConfigurationList = 98BEE6B92AA278350043B7C6 /* Build configuration list for PBXProject "NystagmusTest" */;
			compatibilityVersion = "Xcode 14.0";
			developmentRegion = en;
			hasScannedForEncodings = 0;
			knownRegions = (
				en,
				Base,
			);
			mainGroup = 98BEE6B52AA278350043B7C6;
			packageReferences = (
				98BEE6EB2AA284710043B7C6 /* XCRemoteSwiftPackageReference "ios-eye-tracking" */,
			);
			productRefGroup = 98BEE6BF2AA278350043B7C6 /* Products */;
			projectDirPath = "";
			projectRoot = "";
			targets = (
				98BEE6BD2AA278350043B7C6 /* NystagmusTest */,
				98BEE6CD2AA278370043B7C6 /* NystagmusTestTests */,
				98BEE6D72AA278370043B7C6 /* NystagmusTestUITests */,
			);
		};
/* End PBXProject section */

/* Begin PBXResourcesBuildPhase section */
		98BEE6BC2AA278350043B7C6 /* Resources */ = {
			isa = PBXResourcesBuildPhase;
			buildActionMask = 2147483647;
			files = (
				98BEE6C92AA278360043B7C6 /* Preview Assets.xcassets in Resources */,
				98BEE6C62AA278360043B7C6 /* Assets.xcassets in Resources */,
			);
			runOnlyForDeploymentPostprocessing = 0;
		};
		98BEE6CC2AA278370043B7C6 /* Resources */ = {
			isa = PBXResourcesBuildPhase;
			buildActionMask = 2147483647;
			files = (
			);
			runOnlyForDeploymentPostprocessing = 0;
		};
		98BEE6D62AA278370043B7C6 /* Resources */ = {
			isa = PBXResourcesBuildPhase;
			buildActionMask = 2147483647;
			files = (
			);
			runOnlyForDeploymentPostprocessing = 0;
		};
/* End PBXResourcesBuildPhase section */

/* Begin PBXSourcesBuildPhase section */
		98BEE6BA2AA278350043B7C6 /* Sources */ = {
			isa = PBXSourcesBuildPhase;
			buildActionMask = 2147483647;
			files = (
				98BEE6C42AA278350043B7C6 /* ContentView.swift in Sources */,
				980DF6D02AA9834B00C6860F /* AnalyzeGaze.cpp in Sources */,
				98BEE6C22AA278350043B7C6 /* NystagmusTestApp.swift in Sources */,
			);
			runOnlyForDeploymentPostprocessing = 0;
		};
		98BEE6CA2AA278370043B7C6 /* Sources */ = {
			isa = PBXSourcesBuildPhase;
			buildActionMask = 2147483647;
			files = (
				98BEE6D32AA278370043B7C6 /* NystagmusTestTests.swift in Sources */,
			);
			runOnlyForDeploymentPostprocessing = 0;
		};
		98BEE6D42AA278370043B7C6 /* Sources */ = {
			isa = PBXSourcesBuildPhase;
			buildActionMask = 2147483647;
			files = (
				98BEE6DF2AA278370043B7C6 /* NystagmusTestUITestsLaunchTests.swift in Sources */,
				98BEE6DD2AA278370043B7C6 /* NystagmusTestUITests.swift in Sources */,
			);
			runOnlyForDeploymentPostprocessing = 0;
		};
/* End PBXSourcesBuildPhase section */

/* Begin PBXTargetDependency section */
		98BEE6D02AA278370043B7C6 /* PBXTargetDependency */ = {
			isa = PBXTargetDependency;
			target = 98BEE6BD2AA278350043B7C6 /* NystagmusTest */;
			targetProxy = 98BEE6CF2AA278370043B7C6 /* PBXContainerItemProxy */;
		};
		98BEE6DA2AA278370043B7C6 /* PBXTargetDependency */ = {
			isa = PBXTargetDependency;
			target = 98BEE6BD2AA278350043B7C6 /* NystagmusTest */;
			targetProxy = 98BEE6D92AA278370043B7C6 /* PBXContainerItemProxy */;
		};
/* End PBXTargetDependency section */

/* Begin XCBuildConfiguration section */
		98BEE6E02AA278370043B7C6 /* Debug */ = {
			isa = XCBuildConfiguration;
			buildSettings = {
				ALWAYS_SEARCH_USER_PATHS = NO;
				CLANG_ANALYZER_NONNULL = YES;
				CLANG_ANALYZER_NUMBER_OBJECT_CONVERSION = YES_AGGRESSIVE;
				CLANG_CXX_LANGUAGE_STANDARD = "gnu++20";
				CLANG_ENABLE_MODULES = YES;
				CLANG_ENABLE_OBJC_ARC = YES;
				CLANG_ENABLE_OBJC_WEAK = YES;
				CLANG_WARN_BLOCK_CAPTURE_AUTORELEASING = YES;
				CLANG_WARN_BOOL_CONVERSION = YES;
				CLANG_WARN_COMMA = YES;
				CLANG_WARN_CONSTANT_CONVERSION = YES;
				CLANG_WARN_DEPRECATED_OBJC_IMPLEMENTATIONS = YES;
				CLANG_WARN_DIRECT_OBJC_ISA_USAGE = YES_ERROR;
				CLANG_WARN_DOCUMENTATION_COMMENTS = YES;
				CLANG_WARN_EMPTY_BODY = YES;
				CLANG_WARN_ENUM_CONVERSION = YES;
				CLANG_WARN_INFINITE_RECURSION = YES;
				CLANG_WARN_INT_CONVERSION = YES;
				CLANG_WARN_NON_LITERAL_NULL_CONVERSION = YES;
				CLANG_WARN_OBJC_IMPLICIT_RETAIN_SELF = YES;
				CLANG_WARN_OBJC_LITERAL_CONVERSION = YES;
				CLANG_WARN_OBJC_ROOT_CLASS = YES_ERROR;
				CLANG_WARN_QUOTED_INCLUDE_IN_FRAMEWORK_HEADER = YES;
				CLANG_WARN_RANGE_LOOP_ANALYSIS = YES;
				CLANG_WARN_STRICT_PROTOTYPES = YES;
				CLANG_WARN_SUSPICIOUS_MOVE = YES;
				CLANG_WARN_UNGUARDED_AVAILABILITY = YES_AGGRESSIVE;
				CLANG_WARN_UNREACHABLE_CODE = YES;
				CLANG_WARN__DUPLICATE_METHOD_MATCH = YES;
				COPY_PHASE_STRIP = NO;
				DEBUG_INFORMATION_FORMAT = dwarf;
				ENABLE_STRICT_OBJC_MSGSEND = YES;
				ENABLE_TESTABILITY = YES;
				GCC_C_LANGUAGE_STANDARD = gnu11;
				GCC_DYNAMIC_NO_PIC = NO;
				GCC_NO_COMMON_BLOCKS = YES;
				GCC_OPTIMIZATION_LEVEL = 0;
				GCC_PREPROCESSOR_DEFINITIONS = (
					"DEBUG=1",
					"$(inherited)",
				);
				GCC_WARN_64_TO_32_BIT_CONVERSION = YES;
				GCC_WARN_ABOUT_RETURN_TYPE = YES_ERROR;
				GCC_WARN_UNDECLARED_SELECTOR = YES;
				GCC_WARN_UNINITIALIZED_AUTOS = YES_AGGRESSIVE;
				GCC_WARN_UNUSED_FUNCTION = YES;
				GCC_WARN_UNUSED_VARIABLE = YES;
				IPHONEOS_DEPLOYMENT_TARGET = 16.4;
				MTL_ENABLE_DEBUG_INFO = INCLUDE_SOURCE;
				MTL_FAST_MATH = YES;
				ONLY_ACTIVE_ARCH = YES;
				SDKROOT = iphoneos;
				SWIFT_ACTIVE_COMPILATION_CONDITIONS = DEBUG;
				SWIFT_OPTIMIZATION_LEVEL = "-Onone";
			};
			name = Debug;
		};
		98BEE6E12AA278370043B7C6 /* Release */ = {
			isa = XCBuildConfiguration;
			buildSettings = {
				ALWAYS_SEARCH_USER_PATHS = NO;
				CLANG_ANALYZER_NONNULL = YES;
				CLANG_ANALYZER_NUMBER_OBJECT_CONVERSION = YES_AGGRESSIVE;
				CLANG_CXX_LANGUAGE_STANDARD = "gnu++20";
				CLANG_ENABLE_MODULES = YES;
				CLANG_ENABLE_OBJC_ARC = YES;
				CLANG_ENABLE_OBJC_WEAK = YES;
				CLANG_WARN_BLOCK_CAPTURE_AUTORELEASING = YES;
				CLANG_WARN_BOOL_CONVERSION = YES;
				CLANG_WARN_COMMA = YES;
				CLANG_WARN_CONSTANT_CONVERSION = YES;
				CLANG_WARN_DEPRECATED_OBJC_IMPLEMENTATIONS = YES;
				CLANG_WARN_DIRECT_OBJC_ISA_USAGE = YES_ERROR;
				CLANG_WARN_DOCUMENTATION_COMMENTS = YES;
				CLANG_WARN_EMPTY_BODY = YES;
				CLANG_WARN_ENUM_CONVERSION = YES;
				CLANG_WARN_INFINITE_RECURSION = YES;
				CLANG_WARN_INT_CONVERSION = YES;
				CLANG_WARN_NON_LITERAL_NULL_CONVERSION = YES;
				CLANG_WARN_OBJC_IMPLICIT_RETAIN_SELF = YES;
				CLANG_WARN_OBJC_LITERAL_CONVERSION = YES;
				CLANG_WARN_OBJC_ROOT_CLASS = YES_ERROR;
				CLANG_WARN_QUOTED_INCLUDE_IN_FRAMEWORK_HEADER = YES;
				CLANG_WARN_RANGE_LOOP_ANALYSIS = YES;
				CLANG_WARN_STRICT_PROTOTYPES = YES;
				CLANG_WARN_SUSPICIOUS_MOVE = YES;
				CLANG_WARN_UNGUARDED_AVAILABILITY = YES_AGGRESSIVE;
				CLANG_WARN_UNREACHABLE_CODE = YES;
				CLANG_WARN__DUPLICATE_METHOD_MATCH = YES;
				COPY_PHASE_STRIP = NO;
				DEBUG_INFORMATION_FORMAT = "dwarf-with-dsym";
				ENABLE_NS_ASSERTIONS = NO;
				ENABLE_STRICT_OBJC_MSGSEND = YES;
				GCC_C_LANGUAGE_STANDARD = gnu11;
				GCC_NO_COMMON_BLOCKS = YES;
				GCC_WARN_64_TO_32_BIT_CONVERSION = YES;
				GCC_WARN_ABOUT_RETURN_TYPE = YES_ERROR;
				GCC_WARN_UNDECLARED_SELECTOR = YES;
				GCC_WARN_UNINITIALIZED_AUTOS = YES_AGGRESSIVE;
				GCC_WARN_UNUSED_FUNCTION = YES;
				GCC_WARN_UNUSED_VARIABLE = YES;
				IPHONEOS_DEPLOYMENT_TARGET = 16.4;
				MTL_ENABLE_DEBUG_INFO = NO;
				MTL_FAST_MATH = YES;
				SDKROOT = iphoneos;
				SWIFT_COMPILATION_MODE = wholemodule;
				SWIFT_OPTIMIZATION_LEVEL = "-O";
				VALIDATE_PRODUCT = YES;
			};
			name = Release;
		};
		98BEE6E32AA278370043B7C6 /* Debug */ = {
			isa = XCBuildConfiguration;
			buildSettings = {
				ASSETCATALOG_COMPILER_APPICON_NAME = AppIcon;
				ASSETCATALOG_COMPILER_GLOBAL_ACCENT_COLOR_NAME = AccentColor;
				CLANG_ENABLE_MODULES = YES;
				CODE_SIGN_STYLE = Automatic;
				CURRENT_PROJECT_VERSION = 1;
				DEVELOPMENT_ASSET_PATHS = "\"NystagmusTest/Preview Content\"";
				ENABLE_PREVIEWS = YES;
				GENERATE_INFOPLIST_FILE = YES;
				INFOPLIST_KEY_UIApplicationSceneManifest_Generation = YES;
				INFOPLIST_KEY_UIApplicationSupportsIndirectInputEvents = YES;
				INFOPLIST_KEY_UILaunchScreen_Generation = YES;
				INFOPLIST_KEY_UISupportedInterfaceOrientations_iPad = "UIInterfaceOrientationPortrait UIInterfaceOrientationPortraitUpsideDown UIInterfaceOrientationLandscapeLeft UIInterfaceOrientationLandscapeRight";
				INFOPLIST_KEY_UISupportedInterfaceOrientations_iPhone = "UIInterfaceOrientationPortrait UIInterfaceOrientationLandscapeLeft UIInterfaceOrientationLandscapeRight";
				LD_RUNPATH_SEARCH_PATHS = (
					"$(inherited)",
					"@executable_path/Frameworks",
				);
				MARKETING_VERSION = 1.0;
				PRODUCT_BUNDLE_IDENTIFIER = RohanSampath.NystagmusTest;
				PRODUCT_NAME = "$(TARGET_NAME)";
				SWIFT_EMIT_LOC_STRINGS = YES;
				SWIFT_OBJC_BRIDGING_HEADER = "NystagmusTest/NystagmusTest-Bridging-Header.h";
				SWIFT_OPTIMIZATION_LEVEL = "-Onone";
				SWIFT_VERSION = 5.0;
				TARGETED_DEVICE_FAMILY = "1,2";
			};
			name = Debug;
		};
		98BEE6E42AA278370043B7C6 /* Release */ = {
			isa = XCBuildConfiguration;
			buildSettings = {
				ASSETCATALOG_COMPILER_APPICON_NAME = AppIcon;
				ASSETCATALOG_COMPILER_GLOBAL_ACCENT_COLOR_NAME = AccentColor;
				CLANG_ENABLE_MODULES = YES;
				CODE_SIGN_STYLE = Automatic;
				CURRENT_PROJECT_VERSION = 1;
				DEVELOPMENT_ASSET_PATHS = "\"NystagmusTest/Preview Content\"";
				ENABLE_PREVIEWS = YES;
				GENERATE_INFOPLIST_FILE = YES;
				INFOPLIST_KEY_UIApplicationSceneManifest_Generation = YES;
				INFOPLIST_KEY_UIApplicationSupportsIndirectInputEvents = YES;
				INFOPLIST_KEY_UILaunchScreen_Generation = YES;
				INFOPLIST_KEY_UISupportedInterfaceOrientations_iPad = "UIInterfaceOrientationPortrait UIInterfaceOrientationPortraitUpsideDown UIInterfaceOrientationLandscapeLeft UIInterfaceOrientationLandscapeRight";
				INFOPLIST_KEY_UISupportedInterfaceOrientations_iPhone = "UIInterfaceOrientationPortrait UIInterfaceOrientationLandscapeLeft UIInterfaceOrientationLandscapeRight";
				LD_RUNPATH_SEARCH_PATHS = (
					"$(inherited)",
					"@executable_path/Frameworks",
				);
				MARKETING_VERSION = 1.0;
				PRODUCT_BUNDLE_IDENTIFIER = RohanSampath.NystagmusTest;
				PRODUCT_NAME = "$(TARGET_NAME)";
				SWIFT_EMIT_LOC_STRINGS = YES;
				SWIFT_OBJC_BRIDGING_HEADER = "NystagmusTest/NystagmusTest-Bridging-Header.h";
				SWIFT_VERSION = 5.0;
				TARGETED_DEVICE_FAMILY = "1,2";
			};
			name = Release;
		};
		98BEE6E62AA278370043B7C6 /* Debug */ = {
			isa = XCBuildConfiguration;
			buildSettings = {
				ALWAYS_EMBED_SWIFT_STANDARD_LIBRARIES = YES;
				BUNDLE_LOADER = "$(TEST_HOST)";
				CODE_SIGN_STYLE = Automatic;
				CURRENT_PROJECT_VERSION = 1;
				GENERATE_INFOPLIST_FILE = YES;
				IPHONEOS_DEPLOYMENT_TARGET = 16.4;
				MARKETING_VERSION = 1.0;
				PRODUCT_BUNDLE_IDENTIFIER = RohanSampath.NystagmusTestTests;
				PRODUCT_NAME = "$(TARGET_NAME)";
				SWIFT_EMIT_LOC_STRINGS = NO;
				SWIFT_VERSION = 5.0;
				TARGETED_DEVICE_FAMILY = "1,2";
				TEST_HOST = "$(BUILT_PRODUCTS_DIR)/NystagmusTest.app/$(BUNDLE_EXECUTABLE_FOLDER_PATH)/NystagmusTest";
			};
			name = Debug;
		};
		98BEE6E72AA278370043B7C6 /* Release */ = {
			isa = XCBuildConfiguration;
			buildSettings = {
				ALWAYS_EMBED_SWIFT_STANDARD_LIBRARIES = YES;
				BUNDLE_LOADER = "$(TEST_HOST)";
				CODE_SIGN_STYLE = Automatic;
				CURRENT_PROJECT_VERSION = 1;
				GENERATE_INFOPLIST_FILE = YES;
				IPHONEOS_DEPLOYMENT_TARGET = 16.4;
				MARKETING_VERSION = 1.0;
				PRODUCT_BUNDLE_IDENTIFIER = RohanSampath.NystagmusTestTests;
				PRODUCT_NAME = "$(TARGET_NAME)";
				SWIFT_EMIT_LOC_STRINGS = NO;
				SWIFT_VERSION = 5.0;
				TARGETED_DEVICE_FAMILY = "1,2";
				TEST_HOST = "$(BUILT_PRODUCTS_DIR)/NystagmusTest.app/$(BUNDLE_EXECUTABLE_FOLDER_PATH)/NystagmusTest";
			};
			name = Release;
		};
		98BEE6E92AA278370043B7C6 /* Debug */ = {
			isa = XCBuildConfiguration;
			buildSettings = {
				ALWAYS_EMBED_SWIFT_STANDARD_LIBRARIES = YES;
				CODE_SIGN_STYLE = Automatic;
				CURRENT_PROJECT_VERSION = 1;
				GENERATE_INFOPLIST_FILE = YES;
				MARKETING_VERSION = 1.0;
				PRODUCT_BUNDLE_IDENTIFIER = RohanSampath.NystagmusTestUITests;
				PRODUCT_NAME = "$(TARGET_NAME)";
				SWIFT_EMIT_LOC_STRINGS = NO;
				SWIFT_VERSION = 5.0;
				TARGETED_DEVICE_FAMILY = "1,2";
				TEST_TARGET_NAME = NystagmusTest;
			};
			name = Debug;
		};
		98BEE6EA2AA278370043B7C6 /* Release */ = {
			isa = XCBuildConfiguration;
			buildSettings = {
				ALWAYS_EMBED_SWIFT_STANDARD_LIBRARIES = YES;
				CODE_SIGN_STYLE = Automatic;
				CURRENT_PROJECT_VERSION = 1;
				GENERATE_INFOPLIST_FILE = YES;
				MARKETING_VERSION = 1.0;
				PRODUCT_BUNDLE_IDENTIFIER = RohanSampath.NystagmusTestUITests;
				PRODUCT_NAME = "$(TARGET_NAME)";
				SWIFT_EMIT_LOC_STRINGS = NO;
				SWIFT_VERSION = 5.0;
				TARGETED_DEVICE_FAMILY = "1,2";
				TEST_TARGET_NAME = NystagmusTest;
			};
			name = Release;
		};
/* End XCBuildConfiguration section */

/* Begin XCConfigurationList section */
		98BEE6B92AA278350043B7C6 /* Build configuration list for PBXProject "NystagmusTest" */ = {
			isa = XCConfigurationList;
			buildConfigurations = (
				98BEE6E02AA278370043B7C6 /* Debug */,
				98BEE6E12AA278370043B7C6 /* Release */,
			);
			defaultConfigurationIsVisible = 0;
			defaultConfigurationName = Release;
		};
		98BEE6E22AA278370043B7C6 /* Build configuration list for PBXNativeTarget "NystagmusTest" */ = {
			isa = XCConfigurationList;
			buildConfigurations = (
				98BEE6E32AA278370043B7C6 /* Debug */,
				98BEE6E42AA278370043B7C6 /* Release */,
			);
			defaultConfigurationIsVisible = 0;
			defaultConfigurationName = Release;
		};
		98BEE6E52AA278370043B7C6 /* Build configuration list for PBXNativeTarget "NystagmusTestTests" */ = {
			isa = XCConfigurationList;
			buildConfigurations = (
				98BEE6E62AA278370043B7C6 /* Debug */,
				98BEE6E72AA278370043B7C6 /* Release */,
			);
			defaultConfigurationIsVisible = 0;
			defaultConfigurationName = Release;
		};
		98BEE6E82AA278370043B7C6 /* Build configuration list for PBXNativeTarget "NystagmusTestUITests" */ = {
			isa = XCConfigurationList;
			buildConfigurations = (
				98BEE6E92AA278370043B7C6 /* Debug */,
				98BEE6EA2AA278370043B7C6 /* Release */,
			);
			defaultConfigurationIsVisible = 0;
			defaultConfigurationName = Release;
		};
/* End XCConfigurationList section */

/* Begin XCRemoteSwiftPackageReference section */
		98BEE6EB2AA284710043B7C6 /* XCRemoteSwiftPackageReference "ios-eye-tracking" */ = {
			isa = XCRemoteSwiftPackageReference;
			repositoryURL = "https://github.com/kyle-fox/ios-eye-tracking";
			requirement = {
				kind = upToNextMajorVersion;
				minimumVersion = 1.0.0;
			};
		};
/* End XCRemoteSwiftPackageReference section */

/* Begin XCSwiftPackageProductDependency section */
		98BEE6EC2AA284720043B7C6 /* EyeTracking */ = {
			isa = XCSwiftPackageProductDependency;
			package = 98BEE6EB2AA284710043B7C6 /* XCRemoteSwiftPackageReference "ios-eye-tracking" */;
			productName = EyeTracking;
		};
/* End XCSwiftPackageProductDependency section */
	};
	rootObject = 98BEE6B62AA278350043B7C6 /* Project object */;
}
