// !$*UTF8*$!
{
	archiveVersion = 1;
	classes = {
	};
	objectVersion = 77;
	objects = {

/* Begin PBXContainerItemProxy section */
		98F8204A2E12FA66008BF919 /* PBXContainerItemProxy */ = {
			isa = PBXContainerItemProxy;
			containerPortal = 98F8202D2E12FA63008BF919 /* Project object */;
			proxyType = 1;
			remoteGlobalIDString = 98F820342E12FA63008BF919;
			remoteInfo = NystagmuSense;
		};
		98F820542E12FA66008BF919 /* PBXContainerItemProxy */ = {
			isa = PBXContainerItemProxy;
			containerPortal = 98F8202D2E12FA63008BF919 /* Project object */;
			proxyType = 1;
			remoteGlobalIDString = 98F820342E12FA63008BF919;
			remoteInfo = NystagmuSense;
		};
/* End PBXContainerItemProxy section */

/* Begin PBXFileReference section */
		98F820352E12FA63008BF919 /* NystagmuSense.app */ = {isa = PBXFileReference; explicitFileType = wrapper.application; includeInIndex = 0; path = NystagmuSense.app; sourceTree = BUILT_PRODUCTS_DIR; };
		98F820492E12FA66008BF919 /* NystagmuSenseTests.xctest */ = {isa = PBXFileReference; explicitFileType = wrapper.cfbundle; includeInIndex = 0; path = NystagmuSenseTests.xctest; sourceTree = BUILT_PRODUCTS_DIR; };
		98F820532E12FA66008BF919 /* NystagmuSenseUITests.xctest */ = {isa = PBXFileReference; explicitFileType = wrapper.cfbundle; includeInIndex = 0; path = NystagmuSenseUITests.xctest; sourceTree = BUILT_PRODUCTS_DIR; };
/* End PBXFileReference section */

/* Begin PBXFileSystemSynchronizedBuildFileExceptionSet section */
		98F8205B2E12FA66008BF919 /* Exceptions for "NystagmuSense" folder in "NystagmuSense" target */ = {
			isa = PBXFileSystemSynchronizedBuildFileExceptionSet;
			membershipExceptions = (
				Info.plist,
			);
			target = 98F820342E12FA63008BF919 /* NystagmuSense */;
		};
/* End PBXFileSystemSynchronizedBuildFileExceptionSet section */

/* Begin PBXFileSystemSynchronizedRootGroup section */
		98F820372E12FA63008BF919 /* NystagmuSense */ = {
			isa = PBXFileSystemSynchronizedRootGroup;
			exceptions = (
				98F8205B2E12FA66008BF919 /* Exceptions for "NystagmuSense" folder in "NystagmuSense" target */,
			);
			path = NystagmuSense;
			sourceTree = "<group>";
		};
		98F8204C2E12FA66008BF919 /* NystagmuSenseTests */ = {
			isa = PBXFileSystemSynchronizedRootGroup;
			path = NystagmuSenseTests;
			sourceTree = "<group>";
		};
		98F820562E12FA66008BF919 /* NystagmuSenseUITests */ = {
			isa = PBXFileSystemSynchronizedRootGroup;
			path = NystagmuSenseUITests;
			sourceTree = "<group>";
		};
/* End PBXFileSystemSynchronizedRootGroup section */

/* Begin PBXFrameworksBuildPhase section */
		98F820322E12FA63008BF919 /* Frameworks */ = {
			isa = PBXFrameworksBuildPhase;
			buildActionMask = 2147483647;
			files = (
			);
			runOnlyForDeploymentPostprocessing = 0;
		};
		98F820462E12FA66008BF919 /* Frameworks */ = {
			isa = PBXFrameworksBuildPhase;
			buildActionMask = 2147483647;
			files = (
			);
			runOnlyForDeploymentPostprocessing = 0;
		};
		98F820502E12FA66008BF919 /* Frameworks */ = {
			isa = PBXFrameworksBuildPhase;
			buildActionMask = 2147483647;
			files = (
			);
			runOnlyForDeploymentPostprocessing = 0;
		};
/* End PBXFrameworksBuildPhase section */

/* Begin PBXGroup section */
		98F8202C2E12FA63008BF919 = {
			isa = PBXGroup;
			children = (
				98F820372E12FA63008BF919 /* NystagmuSense */,
				98F8204C2E12FA66008BF919 /* NystagmuSenseTests */,
				98F820562E12FA66008BF919 /* NystagmuSenseUITests */,
				98F820362E12FA63008BF919 /* Products */,
			);
			sourceTree = "<group>";
		};
		98F820362E12FA63008BF919 /* Products */ = {
			isa = PBXGroup;
			children = (
				98F820352E12FA63008BF919 /* NystagmuSense.app */,
				98F820492E12FA66008BF919 /* NystagmuSenseTests.xctest */,
				98F820532E12FA66008BF919 /* NystagmuSenseUITests.xctest */,
			);
			name = Products;
			sourceTree = "<group>";
		};
/* End PBXGroup section */

/* Begin PBXNativeTarget section */
		98F820342E12FA63008BF919 /* NystagmuSense */ = {
			isa = PBXNativeTarget;
			buildConfigurationList = 98F8205C2E12FA66008BF919 /* Build configuration list for PBXNativeTarget "NystagmuSense" */;
			buildPhases = (
				98F820312E12FA63008BF919 /* Sources */,
				98F820322E12FA63008BF919 /* Frameworks */,
				98F820332E12FA63008BF919 /* Resources */,
			);
			buildRules = (
			);
			dependencies = (
			);
			fileSystemSynchronizedGroups = (
				98F820372E12FA63008BF919 /* NystagmuSense */,
			);
			name = NystagmuSense;
			packageProductDependencies = (
			);
			productName = NystagmuSense;
			productReference = 98F820352E12FA63008BF919 /* NystagmuSense.app */;
			productType = "com.apple.product-type.application";
		};
		98F820482E12FA66008BF919 /* NystagmuSenseTests */ = {
			isa = PBXNativeTarget;
			buildConfigurationList = 98F820612E12FA66008BF919 /* Build configuration list for PBXNativeTarget "NystagmuSenseTests" */;
			buildPhases = (
				98F820452E12FA66008BF919 /* Sources */,
				98F820462E12FA66008BF919 /* Frameworks */,
				98F820472E12FA66008BF919 /* Resources */,
			);
			buildRules = (
			);
			dependencies = (
				98F8204B2E12FA66008BF919 /* PBXTargetDependency */,
			);
			fileSystemSynchronizedGroups = (
				98F8204C2E12FA66008BF919 /* NystagmuSenseTests */,
			);
			name = NystagmuSenseTests;
			packageProductDependencies = (
			);
			productName = NystagmuSenseTests;
			productReference = 98F820492E12FA66008BF919 /* NystagmuSenseTests.xctest */;
			productType = "com.apple.product-type.bundle.unit-test";
		};
		98F820522E12FA66008BF919 /* NystagmuSenseUITests */ = {
			isa = PBXNativeTarget;
			buildConfigurationList = 98F820642E12FA66008BF919 /* Build configuration list for PBXNativeTarget "NystagmuSenseUITests" */;
			buildPhases = (
				98F8204F2E12FA66008BF919 /* Sources */,
				98F820502E12FA66008BF919 /* Frameworks */,
				98F820512E12FA66008BF919 /* Resources */,
			);
			buildRules = (
			);
			dependencies = (
				98F820552E12FA66008BF919 /* PBXTargetDependency */,
			);
			fileSystemSynchronizedGroups = (
				98F820562E12FA66008BF919 /* NystagmuSenseUITests */,
			);
			name = NystagmuSenseUITests;
			packageProductDependencies = (
			);
			productName = NystagmuSenseUITests;
			productReference = 98F820532E12FA66008BF919 /* NystagmuSenseUITests.xctest */;
			productType = "com.apple.product-type.bundle.ui-testing";
		};
/* End PBXNativeTarget section */

/* Begin PBXProject section */
		98F8202D2E12FA63008BF919 /* Project object */ = {
			isa = PBXProject;
			attributes = {
				BuildIndependentTargetsInParallel = 1;
				LastSwiftUpdateCheck = 1640;
				LastUpgradeCheck = 1640;
				TargetAttributes = {
					98F820342E12FA63008BF919 = {
						CreatedOnToolsVersion = 16.4;
					};
					98F820482E12FA66008BF919 = {
						CreatedOnToolsVersion = 16.4;
						TestTargetID = 98F820342E12FA63008BF919;
					};
					98F820522E12FA66008BF919 = {
						CreatedOnToolsVersion = 16.4;
						TestTargetID = 98F820342E12FA63008BF919;
					};
				};
			};
			buildConfigurationList = 98F820302E12FA63008BF919 /* Build configuration list for PBXProject "NystagmuSense" */;
			developmentRegion = en;
			hasScannedForEncodings = 0;
			knownRegions = (
				en,
				Base,
			);
			mainGroup = 98F8202C2E12FA63008BF919;
			minimizedProjectReferenceProxies = 1;
			preferredProjectObjectVersion = 77;
			productRefGroup = 98F820362E12FA63008BF919 /* Products */;
			projectDirPath = "";
			projectRoot = "";
			targets = (
				98F820342E12FA63008BF919 /* NystagmuSense */,
				98F820482E12FA66008BF919 /* NystagmuSenseTests */,
				98F820522E12FA66008BF919 /* NystagmuSenseUITests */,
			);
		};
/* End PBXProject section */

/* Begin PBXResourcesBuildPhase section */
		98F820332E12FA63008BF919 /* Resources */ = {
			isa = PBXResourcesBuildPhase;
			buildActionMask = 2147483647;
			files = (
			);
			runOnlyForDeploymentPostprocessing = 0;
		};
		98F820472E12FA66008BF919 /* Resources */ = {
			isa = PBXResourcesBuildPhase;
			buildActionMask = 2147483647;
			files = (
			);
			runOnlyForDeploymentPostprocessing = 0;
		};
		98F820512E12FA66008BF919 /* Resources */ = {
			isa = PBXResourcesBuildPhase;
			buildActionMask = 2147483647;
			files = (
			);
			runOnlyForDeploymentPostprocessing = 0;
		};
/* End PBXResourcesBuildPhase section */

/* Begin PBXSourcesBuildPhase section */
		98F820312E12FA63008BF919 /* Sources */ = {
			isa = PBXSourcesBuildPhase;
			buildActionMask = 2147483647;
			files = (
			);
			runOnlyForDeploymentPostprocessing = 0;
		};
		98F820452E12FA66008BF919 /* Sources */ = {
			isa = PBXSourcesBuildPhase;
			buildActionMask = 2147483647;
			files = (
			);
			runOnlyForDeploymentPostprocessing = 0;
		};
		98F8204F2E12FA66008BF919 /* Sources */ = {
			isa = PBXSourcesBuildPhase;
			buildActionMask = 2147483647;
			files = (
			);
			runOnlyForDeploymentPostprocessing = 0;
		};
/* End PBXSourcesBuildPhase section */

/* Begin PBXTargetDependency section */
		98F8204B2E12FA66008BF919 /* PBXTargetDependency */ = {
			isa = PBXTargetDependency;
			target = 98F820342E12FA63008BF919 /* NystagmuSense */;
			targetProxy = 98F8204A2E12FA66008BF919 /* PBXContainerItemProxy */;
		};
		98F820552E12FA66008BF919 /* PBXTargetDependency */ = {
			isa = PBXTargetDependency;
			target = 98F820342E12FA63008BF919 /* NystagmuSense */;
			targetProxy = 98F820542E12FA66008BF919 /* PBXContainerItemProxy */;
		};
/* End PBXTargetDependency section */

/* Begin XCBuildConfiguration section */
		98F8205D2E12FA66008BF919 /* Debug */ = {
			isa = XCBuildConfiguration;
			buildSettings = {
				ASSETCATALOG_COMPILER_APPICON_NAME = AppIcon;
				ASSETCATALOG_COMPILER_GLOBAL_ACCENT_COLOR_NAME = AccentColor;
				CODE_SIGN_ENTITLEMENTS = NystagmuSense/NystagmuSense.entitlements;
				CODE_SIGN_STYLE = Automatic;
				CURRENT_PROJECT_VERSION = 1;
				DEVELOPMENT_TEAM = L5VAJVH6AP;
				ENABLE_PREVIEWS = YES;
				GENERATE_INFOPLIST_FILE = YES;
				INFOPLIST_FILE = NystagmuSense/Info.plist;
				INFOPLIST_KEY_UIApplicationSceneManifest_Generation = YES;
				INFOPLIST_KEY_UIApplicationSupportsIndirectInputEvents = YES;
				INFOPLIST_KEY_UILaunchScreen_Generation = YES;
				INFOPLIST_KEY_UISupportedInterfaceOrientations_iPad = "UIInterfaceOrientationPortrait UIInterfaceOrientationPortraitUpsideDown UIInterfaceOrientationLandscapeLeft UIInterfaceOrientationLandscapeRight";
				INFOPLIST_KEY_UISupportedInterfaceOrientations_iPhone = "UIInterfaceOrientationPortrait UIInterfaceOrientationLandscapeLeft UIInterfaceOrientationLandscapeRight";
				LD_RUNPATH_SEARCH_PATHS = (
					"$(inherited)",
					"@executable_path/Frameworks",
				);
				MARKETING_VERSION = 1.0;
				PRODUCT_BUNDLE_IDENTIFIER = RohanSampath.NystagmuSense;
				PRODUCT_NAME = "$(TARGET_NAME)";
				SWIFT_EMIT_LOC_STRINGS = YES;
				SWIFT_VERSION = 5.0;
				TARGETED_DEVICE_FAMILY = "1,2";
			};
			name = Debug;
		};
		98F8205E2E12FA66008BF919 /* Release */ = {
			isa = XCBuildConfiguration;
			buildSettings = {
				ASSETCATALOG_COMPILER_APPICON_NAME = AppIcon;
				ASSETCATALOG_COMPILER_GLOBAL_ACCENT_COLOR_NAME = AccentColor;
				CODE_SIGN_ENTITLEMENTS = NystagmuSense/NystagmuSense.entitlements;
				CODE_SIGN_STYLE = Automatic;
				CURRENT_PROJECT_VERSION = 1;
				DEVELOPMENT_TEAM = L5VAJVH6AP;
				ENABLE_PREVIEWS = YES;
				GENERATE_INFOPLIST_FILE = YES;
				INFOPLIST_FILE = NystagmuSense/Info.plist;
				INFOPLIST_KEY_UIApplicationSceneManifest_Generation = YES;
				INFOPLIST_KEY_UIApplicationSupportsIndirectInputEvents = YES;
				INFOPLIST_KEY_UILaunchScreen_Generation = YES;
				INFOPLIST_KEY_UISupportedInterfaceOrientations_iPad = "UIInterfaceOrientationPortrait UIInterfaceOrientationPortraitUpsideDown UIInterfaceOrientationLandscapeLeft UIInterfaceOrientationLandscapeRight";
				INFOPLIST_KEY_UISupportedInterfaceOrientations_iPhone = "UIInterfaceOrientationPortrait UIInterfaceOrientationLandscapeLeft UIInterfaceOrientationLandscapeRight";
				LD_RUNPATH_SEARCH_PATHS = (
					"$(inherited)",
					"@executable_path/Frameworks",
				);
				MARKETING_VERSION = 1.0;
				PRODUCT_BUNDLE_IDENTIFIER = RohanSampath.NystagmuSense;
				PRODUCT_NAME = "$(TARGET_NAME)";
				SWIFT_EMIT_LOC_STRINGS = YES;
				SWIFT_VERSION = 5.0;
				TARGETED_DEVICE_FAMILY = "1,2";
			};
			name = Release;
		};
		98F8205F2E12FA66008BF919 /* Debug */ = {
			isa = XCBuildConfiguration;
			buildSettings = {
				ALWAYS_SEARCH_USER_PATHS = NO;
				ASSETCATALOG_COMPILER_GENERATE_SWIFT_ASSET_SYMBOL_EXTENSIONS = YES;
				CLANG_ANALYZER_NONNULL = YES;
				CLANG_ANALYZER_NUMBER_OBJECT_CONVERSION = YES_AGGRESSIVE;
				CLANG_CXX_LANGUAGE_STANDARD = "gnu++20";
				CLANG_ENABLE_MODULES = YES;
				CLANG_ENABLE_OBJC_ARC = YES;
				CLANG_ENABLE_OBJC_WEAK = YES;
				CLANG_WARN_BLOCK_CAPTURE_AUTORELEASING = YES;
				CLANG_WARN_BOOL_CONVERSION = YES;
				CLANG_WARN_COMMA = YES;
				CLANG_WARN_CONSTANT_CONVERSION = YES;
				CLANG_WARN_DEPRECATED_OBJC_IMPLEMENTATIONS = YES;
				CLANG_WARN_DIRECT_OBJC_ISA_USAGE = YES_ERROR;
				CLANG_WARN_DOCUMENTATION_COMMENTS = YES;
				CLANG_WARN_EMPTY_BODY = YES;
				CLANG_WARN_ENUM_CONVERSION = YES;
				CLANG_WARN_INFINITE_RECURSION = YES;
				CLANG_WARN_INT_CONVERSION = YES;
				CLANG_WARN_NON_LITERAL_NULL_CONVERSION = YES;
				CLANG_WARN_OBJC_IMPLICIT_RETAIN_SELF = YES;
				CLANG_WARN_OBJC_LITERAL_CONVERSION = YES;
				CLANG_WARN_OBJC_ROOT_CLASS = YES_ERROR;
				CLANG_WARN_QUOTED_INCLUDE_IN_FRAMEWORK_HEADER = YES;
				CLANG_WARN_RANGE_LOOP_ANALYSIS = YES;
				CLANG_WARN_STRICT_PROTOTYPES = YES;
				CLANG_WARN_SUSPICIOUS_MOVE = YES;
				CLANG_WARN_UNGUARDED_AVAILABILITY = YES_AGGRESSIVE;
				CLANG_WARN_UNREACHABLE_CODE = YES;
				CLANG_WARN__DUPLICATE_METHOD_MATCH = YES;
				COPY_PHASE_STRIP = NO;
				DEBUG_INFORMATION_FORMAT = dwarf;
				DEVELOPMENT_TEAM = L5VAJVH6AP;
				ENABLE_STRICT_OBJC_MSGSEND = YES;
				ENABLE_TESTABILITY = YES;
				ENABLE_USER_SCRIPT_SANDBOXING = YES;
				GCC_C_LANGUAGE_STANDARD = gnu17;
				GCC_DYNAMIC_NO_PIC = NO;
				GCC_NO_COMMON_BLOCKS = YES;
				GCC_OPTIMIZATION_LEVEL = 0;
				GCC_PREPROCESSOR_DEFINITIONS = (
					"DEBUG=1",
					"$(inherited)",
				);
				GCC_WARN_64_TO_32_BIT_CONVERSION = YES;
				GCC_WARN_ABOUT_RETURN_TYPE = YES_ERROR;
				GCC_WARN_UNDECLARED_SELECTOR = YES;
				GCC_WARN_UNINITIALIZED_AUTOS = YES_AGGRESSIVE;
				GCC_WARN_UNUSED_FUNCTION = YES;
				GCC_WARN_UNUSED_VARIABLE = YES;
				IPHONEOS_DEPLOYMENT_TARGET = 18.5;
				LOCALIZATION_PREFERS_STRING_CATALOGS = YES;
				MTL_ENABLE_DEBUG_INFO = INCLUDE_SOURCE;
				MTL_FAST_MATH = YES;
				ONLY_ACTIVE_ARCH = YES;
				SDKROOT = iphoneos;
				SWIFT_ACTIVE_COMPILATION_CONDITIONS = "DEBUG $(inherited)";
				SWIFT_OPTIMIZATION_LEVEL = "-Onone";
			};
			name = Debug;
		};
		98F820602E12FA66008BF919 /* Release */ = {
			isa = XCBuildConfiguration;
			buildSettings = {
				ALWAYS_SEARCH_USER_PATHS = NO;
				ASSETCATALOG_COMPILER_GENERATE_SWIFT_ASSET_SYMBOL_EXTENSIONS = YES;
				CLANG_ANALYZER_NONNULL = YES;
				CLANG_ANALYZER_NUMBER_OBJECT_CONVERSION = YES_AGGRESSIVE;
				CLANG_CXX_LANGUAGE_STANDARD = "gnu++20";
				CLANG_ENABLE_MODULES = YES;
				CLANG_ENABLE_OBJC_ARC = YES;
				CLANG_ENABLE_OBJC_WEAK = YES;
				CLANG_WARN_BLOCK_CAPTURE_AUTORELEASING = YES;
				CLANG_WARN_BOOL_CONVERSION = YES;
				CLANG_WARN_COMMA = YES;
				CLANG_WARN_CONSTANT_CONVERSION = YES;
				CLANG_WARN_DEPRECATED_OBJC_IMPLEMENTATIONS = YES;
				CLANG_WARN_DIRECT_OBJC_ISA_USAGE = YES_ERROR;
				CLANG_WARN_DOCUMENTATION_COMMENTS = YES;
				CLANG_WARN_EMPTY_BODY = YES;
				CLANG_WARN_ENUM_CONVERSION = YES;
				CLANG_WARN_INFINITE_RECURSION = YES;
				CLANG_WARN_INT_CONVERSION = YES;
				CLANG_WARN_NON_LITERAL_NULL_CONVERSION = YES;
				CLANG_WARN_OBJC_IMPLICIT_RETAIN_SELF = YES;
				CLANG_WARN_OBJC_LITERAL_CONVERSION = YES;
				CLANG_WARN_OBJC_ROOT_CLASS = YES_ERROR;
				CLANG_WARN_QUOTED_INCLUDE_IN_FRAMEWORK_HEADER = YES;
				CLANG_WARN_RANGE_LOOP_ANALYSIS = YES;
				CLANG_WARN_STRICT_PROTOTYPES = YES;
				CLANG_WARN_SUSPICIOUS_MOVE = YES;
				CLANG_WARN_UNGUARDED_AVAILABILITY = YES_AGGRESSIVE;
				CLANG_WARN_UNREACHABLE_CODE = YES;
				CLANG_WARN__DUPLICATE_METHOD_MATCH = YES;
				COPY_PHASE_STRIP = NO;
				DEBUG_INFORMATION_FORMAT = "dwarf-with-dsym";
				DEVELOPMENT_TEAM = L5VAJVH6AP;
				ENABLE_NS_ASSERTIONS = NO;
				ENABLE_STRICT_OBJC_MSGSEND = YES;
				ENABLE_USER_SCRIPT_SANDBOXING = YES;
				GCC_C_LANGUAGE_STANDARD = gnu17;
				GCC_NO_COMMON_BLOCKS = YES;
				GCC_WARN_64_TO_32_BIT_CONVERSION = YES;
				GCC_WARN_ABOUT_RETURN_TYPE = YES_ERROR;
				GCC_WARN_UNDECLARED_SELECTOR = YES;
				GCC_WARN_UNINITIALIZED_AUTOS = YES_AGGRESSIVE;
				GCC_WARN_UNUSED_FUNCTION = YES;
				GCC_WARN_UNUSED_VARIABLE = YES;
				IPHONEOS_DEPLOYMENT_TARGET = 18.5;
				LOCALIZATION_PREFERS_STRING_CATALOGS = YES;
				MTL_ENABLE_DEBUG_INFO = NO;
				MTL_FAST_MATH = YES;
				SDKROOT = iphoneos;
				SWIFT_COMPILATION_MODE = wholemodule;
				VALIDATE_PRODUCT = YES;
			};
			name = Release;
		};
		98F820622E12FA66008BF919 /* Debug */ = {
			isa = XCBuildConfiguration;
			buildSettings = {
				BUNDLE_LOADER = "$(TEST_HOST)";
				CODE_SIGN_STYLE = Automatic;
				CURRENT_PROJECT_VERSION = 1;
				DEVELOPMENT_TEAM = L5VAJVH6AP;
				GENERATE_INFOPLIST_FILE = YES;
				IPHONEOS_DEPLOYMENT_TARGET = 18.5;
				MARKETING_VERSION = 1.0;
				PRODUCT_BUNDLE_IDENTIFIER = RohanSampath.NystagmuSenseTests;
				PRODUCT_NAME = "$(TARGET_NAME)";
				SWIFT_EMIT_LOC_STRINGS = NO;
				SWIFT_VERSION = 5.0;
				TARGETED_DEVICE_FAMILY = "1,2";
				TEST_HOST = "$(BUILT_PRODUCTS_DIR)/NystagmuSense.app/$(BUNDLE_EXECUTABLE_FOLDER_PATH)/NystagmuSense";
			};
			name = Debug;
		};
		98F820632E12FA66008BF919 /* Release */ = {
			isa = XCBuildConfiguration;
			buildSettings = {
				BUNDLE_LOADER = "$(TEST_HOST)";
				CODE_SIGN_STYLE = Automatic;
				CURRENT_PROJECT_VERSION = 1;
				DEVELOPMENT_TEAM = L5VAJVH6AP;
				GENERATE_INFOPLIST_FILE = YES;
				IPHONEOS_DEPLOYMENT_TARGET = 18.5;
				MARKETING_VERSION = 1.0;
				PRODUCT_BUNDLE_IDENTIFIER = RohanSampath.NystagmuSenseTests;
				PRODUCT_NAME = "$(TARGET_NAME)";
				SWIFT_EMIT_LOC_STRINGS = NO;
				SWIFT_VERSION = 5.0;
				TARGETED_DEVICE_FAMILY = "1,2";
				TEST_HOST = "$(BUILT_PRODUCTS_DIR)/NystagmuSense.app/$(BUNDLE_EXECUTABLE_FOLDER_PATH)/NystagmuSense";
			};
			name = Release;
		};
		98F820652E12FA66008BF919 /* Debug */ = {
			isa = XCBuildConfiguration;
			buildSettings = {
				CODE_SIGN_STYLE = Automatic;
				CURRENT_PROJECT_VERSION = 1;
				DEVELOPMENT_TEAM = L5VAJVH6AP;
				GENERATE_INFOPLIST_FILE = YES;
				MARKETING_VERSION = 1.0;
				PRODUCT_BUNDLE_IDENTIFIER = RohanSampath.NystagmuSenseUITests;
				PRODUCT_NAME = "$(TARGET_NAME)";
				SWIFT_EMIT_LOC_STRINGS = NO;
				SWIFT_VERSION = 5.0;
				TARGETED_DEVICE_FAMILY = "1,2";
				TEST_TARGET_NAME = NystagmuSense;
			};
			name = Debug;
		};
		98F820662E12FA66008BF919 /* Release */ = {
			isa = XCBuildConfiguration;
			buildSettings = {
				CODE_SIGN_STYLE = Automatic;
				CURRENT_PROJECT_VERSION = 1;
				DEVELOPMENT_TEAM = L5VAJVH6AP;
				GENERATE_INFOPLIST_FILE = YES;
				MARKETING_VERSION = 1.0;
				PRODUCT_BUNDLE_IDENTIFIER = RohanSampath.NystagmuSenseUITests;
				PRODUCT_NAME = "$(TARGET_NAME)";
				SWIFT_EMIT_LOC_STRINGS = NO;
				SWIFT_VERSION = 5.0;
				TARGETED_DEVICE_FAMILY = "1,2";
				TEST_TARGET_NAME = NystagmuSense;
			};
			name = Release;
		};
/* End XCBuildConfiguration section */

/* Begin XCConfigurationList section */
		98F820302E12FA63008BF919 /* Build configuration list for PBXProject "NystagmuSense" */ = {
			isa = XCConfigurationList;
			buildConfigurations = (
				98F8205F2E12FA66008BF919 /* Debug */,
				98F820602E12FA66008BF919 /* Release */,
			);
			defaultConfigurationIsVisible = 0;
			defaultConfigurationName = Release;
		};
		98F8205C2E12FA66008BF919 /* Build configuration list for PBXNativeTarget "NystagmuSense" */ = {
			isa = XCConfigurationList;
			buildConfigurations = (
				98F8205D2E12FA66008BF919 /* Debug */,
				98F8205E2E12FA66008BF919 /* Release */,
			);
			defaultConfigurationIsVisible = 0;
			defaultConfigurationName = Release;
		};
		98F820612E12FA66008BF919 /* Build configuration list for PBXNativeTarget "NystagmuSenseTests" */ = {
			isa = XCConfigurationList;
			buildConfigurations = (
				98F820622E12FA66008BF919 /* Debug */,
				98F820632E12FA66008BF919 /* Release */,
			);
			defaultConfigurationIsVisible = 0;
			defaultConfigurationName = Release;
		};
		98F820642E12FA66008BF919 /* Build configuration list for PBXNativeTarget "NystagmuSenseUITests" */ = {
			isa = XCConfigurationList;
			buildConfigurations = (
				98F820652E12FA66008BF919 /* Debug */,
				98F820662E12FA66008BF919 /* Release */,
			);
			defaultConfigurationIsVisible = 0;
			defaultConfigurationName = Release;
		};
/* End XCConfigurationList section */
	};
	rootObject = 98F8202D2E12FA63008BF919 /* Project object */;
}
